
Microsoft Visual Studio Solution File, Format Version 12.00
# Visual Studio Version 17
VisualStudioVersion = 17.7.34031.279
MinimumVisualStudioVersion = 10.0.40219.1
Project("{FAE04EC0-301F-11D3-BF4B-00C04F79EFBC}") = "Project1", "Project1\Project1.csproj", "{BB30B7E3-6C50-430B-8483-AA1C3DCD88AE}"
EndProject
Global
	GlobalSection(SolutionConfigurationPlatforms) = preSolution
		Debug|Any CPU = Debug|Any CPU
		Release|Any CPU = Release|Any CPU
	EndGlobalSection
	GlobalSection(ProjectConfigurationPlatforms) = postSolution
		{BB30B7E3-6C50-430B-8483-AA1C3DCD88AE}.Debug|Any CPU.ActiveCfg = Debug|Any CPU
		{BB30B7E3-6C50-430B-8483-AA1C3DCD88AE}.Debug|Any CPU.Build.0 = Debug|Any CPU
		{BB30B7E3-6C50-430B-8483-AA1C3DCD88AE}.Release|Any CPU.ActiveCfg = Release|Any CPU
		{BB30B7E3-6C50-430B-8483-AA1C3DCD88AE}.Release|Any CPU.Build.0 = Release|Any CPU
	EndGlobalSection
	GlobalSection(SolutionProperties) = preSolution
		HideSolutionNode = FALSE
	EndGlobalSection
	GlobalSection(ExtensibilityGlobals) = postSolution
		SolutionGuid = {8659C64E-B77F-4325-89D6-61D9405B0021}
	EndGlobalSection
EndGlobal
